
Microsoft Visual Studio Solution File, Format Version 12.00
# Visual Studio 15
VisualStudioVersion = 15.0.26430.13
MinimumVisualStudioVersion = 10.0.40219.1
Project("{FAE04EC0-301F-11D3-BF4B-00C04F79EFBC}") = "Nition", "Nition\Nition.csproj", "{A3FF1EC7-28E5-4E21-8AB6-8AE4AC3B7B47}"
EndProject
Global
	GlobalSection(SolutionConfigurationPlatforms) = preSolution
		Debug|Any CPU = Debug|Any CPU
		Release|Any CPU = Release|Any CPU
	EndGlobalSection
	GlobalSection(ProjectConfigurationPlatforms) = postSolution
		{A3FF1EC7-28E5-4E21-8AB6-8AE4AC3B7B47}.Debug|Any CPU.ActiveCfg = Debug|Any CPU
		{A3FF1EC7-28E5-4E21-8AB6-8AE4AC3B7B47}.Debug|Any CPU.Build.0 = Debug|Any CPU
		{A3FF1EC7-28E5-4E21-8AB6-8AE4AC3B7B47}.Release|Any CPU.ActiveCfg = Release|Any CPU
		{A3FF1EC7-28E5-4E21-8AB6-8AE4AC3B7B47}.Release|Any CPU.Build.0 = Release|Any CPU
	EndGlobalSection
	GlobalSection(SolutionProperties) = preSolution
		HideSolutionNode = FALSE
	EndGlobalSection
EndGlobal
